
Microsoft Visual Studio Solution File, Format Version 12.00
# Visual Studio Version 17
VisualStudioVersion = 17.11.35327.3
MinimumVisualStudioVersion = 10.0.40219.1
Project("{9A19103F-16F7-4668-BE54-9A1E7A4F7556}") = "LabaONITSasha", "LabaONITSasha\LabaONITSasha.csproj", "{8FA35272-825B-431A-A52D-C1EDFA3DAB48}"
EndProject
Project("{9A19103F-16F7-4668-BE54-9A1E7A4F7556}") = "TestONITSasha", "TestONITSasha\TestONITSasha.csproj", "{A3C5F952-FDEA-42EA-8530-710CBD6FC414}"
EndProject
Global
	GlobalSection(SolutionConfigurationPlatforms) = preSolution
		Debug|Any CPU = Debug|Any CPU
		Release|Any CPU = Release|Any CPU
	EndGlobalSection
	GlobalSection(ProjectConfigurationPlatforms) = postSolution
		{8FA35272-825B-431A-A52D-C1EDFA3DAB48}.Debug|Any CPU.ActiveCfg = Debug|Any CPU
		{8FA35272-825B-431A-A52D-C1EDFA3DAB48}.Debug|Any CPU.Build.0 = Debug|Any CPU
		{8FA35272-825B-431A-A52D-C1EDFA3DAB48}.Release|Any CPU.ActiveCfg = Release|Any CPU
		{8FA35272-825B-431A-A52D-C1EDFA3DAB48}.Release|Any CPU.Build.0 = Release|Any CPU
		{A3C5F952-FDEA-42EA-8530-710CBD6FC414}.Debug|Any CPU.ActiveCfg = Debug|Any CPU
		{A3C5F952-FDEA-42EA-8530-710CBD6FC414}.Debug|Any CPU.Build.0 = Debug|Any CPU
		{A3C5F952-FDEA-42EA-8530-710CBD6FC414}.Release|Any CPU.ActiveCfg = Release|Any CPU
		{A3C5F952-FDEA-42EA-8530-710CBD6FC414}.Release|Any CPU.Build.0 = Release|Any CPU
	EndGlobalSection
	GlobalSection(SolutionProperties) = preSolution
		HideSolutionNode = FALSE
	EndGlobalSection
	GlobalSection(ExtensibilityGlobals) = postSolution
		SolutionGuid = {DA0D62A7-AE68-49AC-882B-CA669833BB10}
	EndGlobalSection
EndGlobal
